
Microsoft Visual Studio Solution File, Format Version 12.00
# Visual Studio Version 17
VisualStudioVersion = 17.14.36414.22
MinimumVisualStudioVersion = 10.0.40219.1
Project("{FAE04EC0-301F-11D3-BF4B-00C04F79EFBC}") = "Pocketbook", "Pocketbook\Pocketbook.csproj", "{ACB6DE2C-4F6C-4D8E-B7D5-C22EF5B3FC8E}"
EndProject
Project("{FAE04EC0-301F-11D3-BF4B-00C04F79EFBC}") = "Pocketbook.Tests", "Pocketbook.UnitTests\Pocketbook.Tests.csproj", "{D8B646CF-FB7C-4E55-8286-B008B8098609}"
EndProject
Global
	GlobalSection(SolutionConfigurationPlatforms) = preSolution
		Debug|Any CPU = Debug|Any CPU
		Release|Any CPU = Release|Any CPU
	EndGlobalSection
	GlobalSection(ProjectConfigurationPlatforms) = postSolution
		{ACB6DE2C-4F6C-4D8E-B7D5-C22EF5B3FC8E}.Debug|Any CPU.ActiveCfg = Debug|Any CPU
		{ACB6DE2C-4F6C-4D8E-B7D5-C22EF5B3FC8E}.Debug|Any CPU.Build.0 = Debug|Any CPU
		{ACB6DE2C-4F6C-4D8E-B7D5-C22EF5B3FC8E}.Release|Any CPU.ActiveCfg = Release|Any CPU
		{ACB6DE2C-4F6C-4D8E-B7D5-C22EF5B3FC8E}.Release|Any CPU.Build.0 = Release|Any CPU
		{D8B646CF-FB7C-4E55-8286-B008B8098609}.Debug|Any CPU.ActiveCfg = Debug|Any CPU
		{D8B646CF-FB7C-4E55-8286-B008B8098609}.Debug|Any CPU.Build.0 = Debug|Any CPU
		{D8B646CF-FB7C-4E55-8286-B008B8098609}.Release|Any CPU.ActiveCfg = Release|Any CPU
		{D8B646CF-FB7C-4E55-8286-B008B8098609}.Release|Any CPU.Build.0 = Release|Any CPU
	EndGlobalSection
	GlobalSection(SolutionProperties) = preSolution
		HideSolutionNode = FALSE
	EndGlobalSection
	GlobalSection(ExtensibilityGlobals) = postSolution
		SolutionGuid = {118D7CEA-63F8-4D78-9E8F-F4A724A9E34C}
	EndGlobalSection
EndGlobal
