
Microsoft Visual Studio Solution File, Format Version 12.00
# Visual Studio Version 17
VisualStudioVersion = 17.14.36511.14
MinimumVisualStudioVersion = 10.0.40219.1
Project("{FAE04EC0-301F-11D3-BF4B-00C04F79EFBC}") = "Vector3D", "Vector3D\Vector3D.csproj", "{B78E3067-B1B9-43ED-A037-967C441EF5EF}"
EndProject
Project("{FAE04EC0-301F-11D3-BF4B-00C04F79EFBC}") = "Vector3D.UnitTests", "Vector3D.UnitTests\Vector3D.UnitTests.csproj", "{336C4E72-E2F8-40CE-8C4C-EF191548D862}"
	ProjectSection(ProjectDependencies) = postProject
		{B78E3067-B1B9-43ED-A037-967C441EF5EF} = {B78E3067-B1B9-43ED-A037-967C441EF5EF}
	EndProjectSection
EndProject
Global
	GlobalSection(SolutionConfigurationPlatforms) = preSolution
		Debug|Any CPU = Debug|Any CPU
		Release|Any CPU = Release|Any CPU
	EndGlobalSection
	GlobalSection(ProjectConfigurationPlatforms) = postSolution
		{B78E3067-B1B9-43ED-A037-967C441EF5EF}.Debug|Any CPU.ActiveCfg = Debug|Any CPU
		{B78E3067-B1B9-43ED-A037-967C441EF5EF}.Debug|Any CPU.Build.0 = Debug|Any CPU
		{B78E3067-B1B9-43ED-A037-967C441EF5EF}.Release|Any CPU.ActiveCfg = Release|Any CPU
		{B78E3067-B1B9-43ED-A037-967C441EF5EF}.Release|Any CPU.Build.0 = Release|Any CPU
		{336C4E72-E2F8-40CE-8C4C-EF191548D862}.Debug|Any CPU.ActiveCfg = Debug|Any CPU
		{336C4E72-E2F8-40CE-8C4C-EF191548D862}.Debug|Any CPU.Build.0 = Debug|Any CPU
		{336C4E72-E2F8-40CE-8C4C-EF191548D862}.Release|Any CPU.ActiveCfg = Release|Any CPU
		{336C4E72-E2F8-40CE-8C4C-EF191548D862}.Release|Any CPU.Build.0 = Release|Any CPU
	EndGlobalSection
	GlobalSection(SolutionProperties) = preSolution
		HideSolutionNode = FALSE
	EndGlobalSection
	GlobalSection(ExtensibilityGlobals) = postSolution
		SolutionGuid = {94ACD480-7386-4AA5-84DD-310C508403BB}
	EndGlobalSection
EndGlobal
